
Microsoft Visual Studio Solution File, Format Version 12.00
# Visual Studio Version 17
VisualStudioVersion = 17.6.33712.159
MinimumVisualStudioVersion = 10.0.40219.1
Project("{FAE04EC0-301F-11D3-BF4B-00C04F79EFBC}") = "XLab7.Android", "XLab7\XLab7.Android\XLab7.Android.csproj", "{B717B193-5372-44C1-B34D-CAA96627115D}"
EndProject
Project("{FAE04EC0-301F-11D3-BF4B-00C04F79EFBC}") = "XLab7.iOS", "XLab7\XLab7.iOS\XLab7.iOS.csproj", "{74B7FF26-365E-4C02-A3A0-6478BB059357}"
EndProject
Project("{FAE04EC0-301F-11D3-BF4B-00C04F79EFBC}") = "XLab7", "XLab7\XLab7\XLab7.csproj", "{E2493105-AE01-4C9B-A0D3-8E5B86F3B458}"
EndProject
Global
	GlobalSection(SolutionConfigurationPlatforms) = preSolution
		Debug|Any CPU = Debug|Any CPU
		Debug|iPhone = Debug|iPhone
		Debug|iPhoneSimulator = Debug|iPhoneSimulator
		Release|Any CPU = Release|Any CPU
		Release|iPhone = Release|iPhone
		Release|iPhoneSimulator = Release|iPhoneSimulator
	EndGlobalSection
	GlobalSection(ProjectConfigurationPlatforms) = postSolution
		{B717B193-5372-44C1-B34D-CAA96627115D}.Debug|Any CPU.ActiveCfg = Debug|Any CPU
		{B717B193-5372-44C1-B34D-CAA96627115D}.Debug|Any CPU.Build.0 = Debug|Any CPU
		{B717B193-5372-44C1-B34D-CAA96627115D}.Debug|Any CPU.Deploy.0 = Debug|Any CPU
		{B717B193-5372-44C1-B34D-CAA96627115D}.Debug|iPhone.ActiveCfg = Debug|Any CPU
		{B717B193-5372-44C1-B34D-CAA96627115D}.Debug|iPhone.Build.0 = Debug|Any CPU
		{B717B193-5372-44C1-B34D-CAA96627115D}.Debug|iPhone.Deploy.0 = Debug|Any CPU
		{B717B193-5372-44C1-B34D-CAA96627115D}.Debug|iPhoneSimulator.ActiveCfg = Debug|Any CPU
		{B717B193-5372-44C1-B34D-CAA96627115D}.Debug|iPhoneSimulator.Build.0 = Debug|Any CPU
		{B717B193-5372-44C1-B34D-CAA96627115D}.Debug|iPhoneSimulator.Deploy.0 = Debug|Any CPU
		{B717B193-5372-44C1-B34D-CAA96627115D}.Release|Any CPU.ActiveCfg = Release|Any CPU
		{B717B193-5372-44C1-B34D-CAA96627115D}.Release|Any CPU.Build.0 = Release|Any CPU
		{B717B193-5372-44C1-B34D-CAA96627115D}.Release|Any CPU.Deploy.0 = Release|Any CPU
		{B717B193-5372-44C1-B34D-CAA96627115D}.Release|iPhone.ActiveCfg = Release|Any CPU
		{B717B193-5372-44C1-B34D-CAA96627115D}.Release|iPhone.Build.0 = Release|Any CPU
		{B717B193-5372-44C1-B34D-CAA96627115D}.Release|iPhone.Deploy.0 = Release|Any CPU
		{B717B193-5372-44C1-B34D-CAA96627115D}.Release|iPhoneSimulator.ActiveCfg = Release|Any CPU
		{B717B193-5372-44C1-B34D-CAA96627115D}.Release|iPhoneSimulator.Build.0 = Release|Any CPU
		{B717B193-5372-44C1-B34D-CAA96627115D}.Release|iPhoneSimulator.Deploy.0 = Release|Any CPU
		{74B7FF26-365E-4C02-A3A0-6478BB059357}.Debug|Any CPU.ActiveCfg = Debug|iPhone
		{74B7FF26-365E-4C02-A3A0-6478BB059357}.Debug|Any CPU.Build.0 = Debug|iPhone
		{74B7FF26-365E-4C02-A3A0-6478BB059357}.Debug|Any CPU.Deploy.0 = Debug|iPhone
		{74B7FF26-365E-4C02-A3A0-6478BB059357}.Debug|iPhone.ActiveCfg = Debug|iPhone
		{74B7FF26-365E-4C02-A3A0-6478BB059357}.Debug|iPhone.Build.0 = Debug|iPhone
		{74B7FF26-365E-4C02-A3A0-6478BB059357}.Debug|iPhone.Deploy.0 = Debug|iPhone
		{74B7FF26-365E-4C02-A3A0-6478BB059357}.Debug|iPhoneSimulator.ActiveCfg = Debug|iPhoneSimulator
		{74B7FF26-365E-4C02-A3A0-6478BB059357}.Debug|iPhoneSimulator.Build.0 = Debug|iPhoneSimulator
		{74B7FF26-365E-4C02-A3A0-6478BB059357}.Debug|iPhoneSimulator.Deploy.0 = Debug|iPhoneSimulator
		{74B7FF26-365E-4C02-A3A0-6478BB059357}.Release|Any CPU.ActiveCfg = Release|iPhoneSimulator
		{74B7FF26-365E-4C02-A3A0-6478BB059357}.Release|Any CPU.Build.0 = Release|iPhoneSimulator
		{74B7FF26-365E-4C02-A3A0-6478BB059357}.Release|Any CPU.Deploy.0 = Release|iPhoneSimulator
		{74B7FF26-365E-4C02-A3A0-6478BB059357}.Release|iPhone.ActiveCfg = Release|iPhone
		{74B7FF26-365E-4C02-A3A0-6478BB059357}.Release|iPhone.Build.0 = Release|iPhone
		{74B7FF26-365E-4C02-A3A0-6478BB059357}.Release|iPhone.Deploy.0 = Release|iPhone
		{74B7FF26-365E-4C02-A3A0-6478BB059357}.Release|iPhoneSimulator.ActiveCfg = Release|iPhoneSimulator
		{74B7FF26-365E-4C02-A3A0-6478BB059357}.Release|iPhoneSimulator.Build.0 = Release|iPhoneSimulator
		{74B7FF26-365E-4C02-A3A0-6478BB059357}.Release|iPhoneSimulator.Deploy.0 = Release|iPhoneSimulator
		{E2493105-AE01-4C9B-A0D3-8E5B86F3B458}.Debug|Any CPU.ActiveCfg = Debug|Any CPU
		{E2493105-AE01-4C9B-A0D3-8E5B86F3B458}.Debug|Any CPU.Build.0 = Debug|Any CPU
		{E2493105-AE01-4C9B-A0D3-8E5B86F3B458}.Debug|Any CPU.Deploy.0 = Debug|Any CPU
		{E2493105-AE01-4C9B-A0D3-8E5B86F3B458}.Debug|iPhone.ActiveCfg = Debug|Any CPU
		{E2493105-AE01-4C9B-A0D3-8E5B86F3B458}.Debug|iPhone.Build.0 = Debug|Any CPU
		{E2493105-AE01-4C9B-A0D3-8E5B86F3B458}.Debug|iPhone.Deploy.0 = Debug|Any CPU
		{E2493105-AE01-4C9B-A0D3-8E5B86F3B458}.Debug|iPhoneSimulator.ActiveCfg = Debug|Any CPU
		{E2493105-AE01-4C9B-A0D3-8E5B86F3B458}.Debug|iPhoneSimulator.Build.0 = Debug|Any CPU
		{E2493105-AE01-4C9B-A0D3-8E5B86F3B458}.Debug|iPhoneSimulator.Deploy.0 = Debug|Any CPU
		{E2493105-AE01-4C9B-A0D3-8E5B86F3B458}.Release|Any CPU.ActiveCfg = Release|Any CPU
		{E2493105-AE01-4C9B-A0D3-8E5B86F3B458}.Release|Any CPU.Build.0 = Release|Any CPU
		{E2493105-AE01-4C9B-A0D3-8E5B86F3B458}.Release|Any CPU.Deploy.0 = Release|Any CPU
		{E2493105-AE01-4C9B-A0D3-8E5B86F3B458}.Release|iPhone.ActiveCfg = Release|Any CPU
		{E2493105-AE01-4C9B-A0D3-8E5B86F3B458}.Release|iPhone.Build.0 = Release|Any CPU
		{E2493105-AE01-4C9B-A0D3-8E5B86F3B458}.Release|iPhone.Deploy.0 = Release|Any CPU
		{E2493105-AE01-4C9B-A0D3-8E5B86F3B458}.Release|iPhoneSimulator.ActiveCfg = Release|Any CPU
		{E2493105-AE01-4C9B-A0D3-8E5B86F3B458}.Release|iPhoneSimulator.Build.0 = Release|Any CPU
		{E2493105-AE01-4C9B-A0D3-8E5B86F3B458}.Release|iPhoneSimulator.Deploy.0 = Release|Any CPU
	EndGlobalSection
	GlobalSection(SolutionProperties) = preSolution
		HideSolutionNode = FALSE
	EndGlobalSection
	GlobalSection(ExtensibilityGlobals) = postSolution
		SolutionGuid = {0B2EE1B3-A7C3-410B-94D2-8F8182756F35}
	EndGlobalSection
EndGlobal
